
Microsoft Visual Studio Solution File, Format Version 12.00
# Visual Studio 15
VisualStudioVersion = 15.0.27130.2027
MinimumVisualStudioVersion = 10.0.40219.1
Project("{8BC9CEB8-8B4A-11D0-8D11-00A0C91BC942}") = "FirstPersonGame", "FirstPersonGame\FirstPersonGame.vcxproj", "{EBA511D6-6F26-4ABA-B159-95FD0EF11D5D}"
EndProject
Global
	GlobalSection(SolutionConfigurationPlatforms) = preSolution
		Debug|x64 = Debug|x64
		Debug|x86 = Debug|x86
		Release|x64 = Release|x64
		Release|x86 = Release|x86
		Testing|x64 = Testing|x64
		Testing|x86 = Testing|x86
	EndGlobalSection
	GlobalSection(ProjectConfigurationPlatforms) = postSolution
		{EBA511D6-6F26-4ABA-B159-95FD0EF11D5D}.Debug|x64.ActiveCfg = Debug|x64
		{EBA511D6-6F26-4ABA-B159-95FD0EF11D5D}.Debug|x64.Build.0 = Debug|x64
		{EBA511D6-6F26-4ABA-B159-95FD0EF11D5D}.Debug|x86.ActiveCfg = Debug|Win32
		{EBA511D6-6F26-4ABA-B159-95FD0EF11D5D}.Debug|x86.Build.0 = Debug|Win32
		{EBA511D6-6F26-4ABA-B159-95FD0EF11D5D}.Release|x64.ActiveCfg = Release|x64
		{EBA511D6-6F26-4ABA-B159-95FD0EF11D5D}.Release|x64.Build.0 = Release|x64
		{EBA511D6-6F26-4ABA-B159-95FD0EF11D5D}.Release|x86.ActiveCfg = Release|Win32
		{EBA511D6-6F26-4ABA-B159-95FD0EF11D5D}.Release|x86.Build.0 = Release|Win32
		{EBA511D6-6F26-4ABA-B159-95FD0EF11D5D}.Testing|x64.ActiveCfg = Testing|x64
		{EBA511D6-6F26-4ABA-B159-95FD0EF11D5D}.Testing|x64.Build.0 = Testing|x64
		{EBA511D6-6F26-4ABA-B159-95FD0EF11D5D}.Testing|x86.ActiveCfg = Testing|Win32
		{EBA511D6-6F26-4ABA-B159-95FD0EF11D5D}.Testing|x86.Build.0 = Testing|Win32
	EndGlobalSection
	GlobalSection(SolutionProperties) = preSolution
		HideSolutionNode = FALSE
	EndGlobalSection
	GlobalSection(ExtensibilityGlobals) = postSolution
		SolutionGuid = {23F535A3-2227-4620-8827-298109376149}
	EndGlobalSection
EndGlobal
